// !$*UTF8*$!
{
	archiveVersion = 1;
	classes = {
	};
	objectVersion = 56;
	objects = {

/* Begin PBXBuildFile section */
		6B16FFD72D08FA9B00F0B07F /* fitnessAppApp.swift in Sources */ = {isa = PBXBuildFile; fileRef = 6B16FFD62D08FA9B00F0B07F /* fitnessAppApp.swift */; };
		6B16FFDB2D08FA9F00F0B07F /* Assets.xcassets in Resources */ = {isa = PBXBuildFile; fileRef = 6B16FFDA2D08FA9F00F0B07F /* Assets.xcassets */; };
		6B16FFDE2D08FA9F00F0B07F /* Preview Assets.xcassets in Resources */ = {isa = PBXBuildFile; fileRef = 6B16FFDD2D08FA9F00F0B07F /* Preview Assets.xcassets */; };
		6B3FBE612D090132008FC23B /* FitnessTabView.swift in Sources */ = {isa = PBXBuildFile; fileRef = 6B3FBE602D090132008FC23B /* FitnessTabView.swift */; };
		6B3FBE632D090236008FC23B /* HomeView.swift in Sources */ = {isa = PBXBuildFile; fileRef = 6B3FBE622D090236008FC23B /* HomeView.swift */; };
		6B3FBE652D09027A008FC23B /* HistoricDataView.swift in Sources */ = {isa = PBXBuildFile; fileRef = 6B3FBE642D09027A008FC23B /* HistoricDataView.swift */; };
		6B3FBE6A2D0907B4008FC23B /* FitnessWidgets.swift in Sources */ = {isa = PBXBuildFile; fileRef = 6B3FBE692D0907B4008FC23B /* FitnessWidgets.swift */; };
		6B3FBE6C2D090C2E008FC23B /* ProgressCircleView.swift in Sources */ = {isa = PBXBuildFile; fileRef = 6B3FBE6B2D090C2E008FC23B /* ProgressCircleView.swift */; };
		6B3FBE712D091920008FC23B /* ActivityCard.swift in Sources */ = {isa = PBXBuildFile; fileRef = 6B3FBE702D091920008FC23B /* ActivityCard.swift */; };
		6B3FBE732D099BA3008FC23B /* SplitHeader.swift in Sources */ = {isa = PBXBuildFile; fileRef = 6B3FBE722D099BA3008FC23B /* SplitHeader.swift */; };
		6B3FBE752D09A9A9008FC23B /* WorkoutCard.swift in Sources */ = {isa = PBXBuildFile; fileRef = 6B3FBE742D09A9A9008FC23B /* WorkoutCard.swift */; };
/* End PBXBuildFile section */

/* Begin PBXFileReference section */
		6B16FFD32D08FA9B00F0B07F /* fitnessApp.app */ = {isa = PBXFileReference; explicitFileType = wrapper.application; includeInIndex = 0; path = fitnessApp.app; sourceTree = BUILT_PRODUCTS_DIR; };
		6B16FFD62D08FA9B00F0B07F /* fitnessAppApp.swift */ = {isa = PBXFileReference; lastKnownFileType = sourcecode.swift; path = fitnessAppApp.swift; sourceTree = "<group>"; };
		6B16FFDA2D08FA9F00F0B07F /* Assets.xcassets */ = {isa = PBXFileReference; lastKnownFileType = folder.assetcatalog; path = Assets.xcassets; sourceTree = "<group>"; };
		6B16FFDD2D08FA9F00F0B07F /* Preview Assets.xcassets */ = {isa = PBXFileReference; lastKnownFileType = folder.assetcatalog; path = "Preview Assets.xcassets"; sourceTree = "<group>"; };
		6B3FBE602D090132008FC23B /* FitnessTabView.swift */ = {isa = PBXFileReference; lastKnownFileType = sourcecode.swift; path = FitnessTabView.swift; sourceTree = "<group>"; };
		6B3FBE622D090236008FC23B /* HomeView.swift */ = {isa = PBXFileReference; lastKnownFileType = sourcecode.swift; path = HomeView.swift; sourceTree = "<group>"; };
		6B3FBE642D09027A008FC23B /* HistoricDataView.swift */ = {isa = PBXFileReference; lastKnownFileType = sourcecode.swift; path = HistoricDataView.swift; sourceTree = "<group>"; };
		6B3FBE692D0907B4008FC23B /* FitnessWidgets.swift */ = {isa = PBXFileReference; lastKnownFileType = sourcecode.swift; path = FitnessWidgets.swift; sourceTree = "<group>"; };
		6B3FBE6B2D090C2E008FC23B /* ProgressCircleView.swift */ = {isa = PBXFileReference; lastKnownFileType = sourcecode.swift; path = ProgressCircleView.swift; sourceTree = "<group>"; };
		6B3FBE702D091920008FC23B /* ActivityCard.swift */ = {isa = PBXFileReference; lastKnownFileType = sourcecode.swift; path = ActivityCard.swift; sourceTree = "<group>"; };
		6B3FBE722D099BA3008FC23B /* SplitHeader.swift */ = {isa = PBXFileReference; lastKnownFileType = sourcecode.swift; path = SplitHeader.swift; sourceTree = "<group>"; };
		6B3FBE742D09A9A9008FC23B /* WorkoutCard.swift */ = {isa = PBXFileReference; lastKnownFileType = sourcecode.swift; path = WorkoutCard.swift; sourceTree = "<group>"; };
/* End PBXFileReference section */

/* Begin PBXFrameworksBuildPhase section */
		6B16FFD02D08FA9B00F0B07F /* Frameworks */ = {
			isa = PBXFrameworksBuildPhase;
			buildActionMask = 2147483647;
			files = (
			);
			runOnlyForDeploymentPostprocessing = 0;
		};
/* End PBXFrameworksBuildPhase section */

/* Begin PBXGroup section */
		6B16FFCA2D08FA9B00F0B07F = {
			isa = PBXGroup;
			children = (
				6B16FFD52D08FA9B00F0B07F /* fitnessApp */,
				6B16FFD42D08FA9B00F0B07F /* Products */,
			);
			sourceTree = "<group>";
		};
		6B16FFD42D08FA9B00F0B07F /* Products */ = {
			isa = PBXGroup;
			children = (
				6B16FFD32D08FA9B00F0B07F /* fitnessApp.app */,
			);
			name = Products;
			sourceTree = "<group>";
		};
		6B16FFD52D08FA9B00F0B07F /* fitnessApp */ = {
			isa = PBXGroup;
			children = (
				6B3FBE6D2D0917E7008FC23B /* Home */,
				6B3FBE662D09077B008FC23B /* components */,
				6B16FFD62D08FA9B00F0B07F /* fitnessAppApp.swift */,
				6B16FFDA2D08FA9F00F0B07F /* Assets.xcassets */,
				6B16FFDC2D08FA9F00F0B07F /* Preview Content */,
				6B3FBE602D090132008FC23B /* FitnessTabView.swift */,
				6B3FBE642D09027A008FC23B /* HistoricDataView.swift */,
				6B3FBE622D090236008FC23B /* HomeView.swift */,
			);
			path = fitnessApp;
			sourceTree = "<group>";
		};
		6B16FFDC2D08FA9F00F0B07F /* Preview Content */ = {
			isa = PBXGroup;
			children = (
				6B16FFDD2D08FA9F00F0B07F /* Preview Assets.xcassets */,
			);
			path = "Preview Content";
			sourceTree = "<group>";
		};
		6B3FBE662D09077B008FC23B /* components */ = {
			isa = PBXGroup;
			children = (
				6B3FBE692D0907B4008FC23B /* FitnessWidgets.swift */,
				6B3FBE6B2D090C2E008FC23B /* ProgressCircleView.swift */,
				6B3FBE702D091920008FC23B /* ActivityCard.swift */,
				6B3FBE722D099BA3008FC23B /* SplitHeader.swift */,
				6B3FBE742D09A9A9008FC23B /* WorkoutCard.swift */,
			);
			path = components;
			sourceTree = "<group>";
		};
		6B3FBE6D2D0917E7008FC23B /* Home */ = {
			isa = PBXGroup;
			children = (
			);
			path = Home;
			sourceTree = "<group>";
		};
/* End PBXGroup section */

/* Begin PBXNativeTarget section */
		6B16FFD22D08FA9B00F0B07F /* fitnessApp */ = {
			isa = PBXNativeTarget;
			buildConfigurationList = 6B16FFE12D08FA9F00F0B07F /* Build configuration list for PBXNativeTarget "fitnessApp" */;
			buildPhases = (
				6B16FFCF2D08FA9B00F0B07F /* Sources */,
				6B16FFD02D08FA9B00F0B07F /* Frameworks */,
				6B16FFD12D08FA9B00F0B07F /* Resources */,
			);
			buildRules = (
			);
			dependencies = (
			);
			name = fitnessApp;
			productName = fitnessApp;
			productReference = 6B16FFD32D08FA9B00F0B07F /* fitnessApp.app */;
			productType = "com.apple.product-type.application";
		};
/* End PBXNativeTarget section */

/* Begin PBXProject section */
		6B16FFCB2D08FA9B00F0B07F /* Project object */ = {
			isa = PBXProject;
			attributes = {
				BuildIndependentTargetsInParallel = 1;
				LastSwiftUpdateCheck = 1540;
				LastUpgradeCheck = 1540;
				TargetAttributes = {
					6B16FFD22D08FA9B00F0B07F = {
						CreatedOnToolsVersion = 15.4;
					};
				};
			};
			buildConfigurationList = 6B16FFCE2D08FA9B00F0B07F /* Build configuration list for PBXProject "fitnessApp" */;
			compatibilityVersion = "Xcode 14.0";
			developmentRegion = en;
			hasScannedForEncodings = 0;
			knownRegions = (
				en,
				Base,
			);
			mainGroup = 6B16FFCA2D08FA9B00F0B07F;
			productRefGroup = 6B16FFD42D08FA9B00F0B07F /* Products */;
			projectDirPath = "";
			projectRoot = "";
			targets = (
				6B16FFD22D08FA9B00F0B07F /* fitnessApp */,
			);
		};
/* End PBXProject section */

/* Begin PBXResourcesBuildPhase section */
		6B16FFD12D08FA9B00F0B07F /* Resources */ = {
			isa = PBXResourcesBuildPhase;
			buildActionMask = 2147483647;
			files = (
				6B16FFDE2D08FA9F00F0B07F /* Preview Assets.xcassets in Resources */,
				6B16FFDB2D08FA9F00F0B07F /* Assets.xcassets in Resources */,
			);
			runOnlyForDeploymentPostprocessing = 0;
		};
/* End PBXResourcesBuildPhase section */

/* Begin PBXSourcesBuildPhase section */
		6B16FFCF2D08FA9B00F0B07F /* Sources */ = {
			isa = PBXSourcesBuildPhase;
			buildActionMask = 2147483647;
			files = (
				6B3FBE612D090132008FC23B /* FitnessTabView.swift in Sources */,
				6B3FBE732D099BA3008FC23B /* SplitHeader.swift in Sources */,
				6B3FBE632D090236008FC23B /* HomeView.swift in Sources */,
				6B3FBE6C2D090C2E008FC23B /* ProgressCircleView.swift in Sources */,
				6B3FBE652D09027A008FC23B /* HistoricDataView.swift in Sources */,
				6B3FBE6A2D0907B4008FC23B /* FitnessWidgets.swift in Sources */,
				6B3FBE712D091920008FC23B /* ActivityCard.swift in Sources */,
				6B16FFD72D08FA9B00F0B07F /* fitnessAppApp.swift in Sources */,
				6B3FBE752D09A9A9008FC23B /* WorkoutCard.swift in Sources */,
			);
			runOnlyForDeploymentPostprocessing = 0;
		};
/* End PBXSourcesBuildPhase section */

/* Begin XCBuildConfiguration section */
		6B16FFDF2D08FA9F00F0B07F /* Debug */ = {
			isa = XCBuildConfiguration;
			buildSettings = {
				ALWAYS_SEARCH_USER_PATHS = NO;
				ASSETCATALOG_COMPILER_GENERATE_SWIFT_ASSET_SYMBOL_EXTENSIONS = YES;
				CLANG_ANALYZER_NONNULL = YES;
				CLANG_ANALYZER_NUMBER_OBJECT_CONVERSION = YES_AGGRESSIVE;
				CLANG_CXX_LANGUAGE_STANDARD = "gnu++20";
				CLANG_ENABLE_MODULES = YES;
				CLANG_ENABLE_OBJC_ARC = YES;
				CLANG_ENABLE_OBJC_WEAK = YES;
				CLANG_WARN_BLOCK_CAPTURE_AUTORELEASING = YES;
				CLANG_WARN_BOOL_CONVERSION = YES;
				CLANG_WARN_COMMA = YES;
				CLANG_WARN_CONSTANT_CONVERSION = YES;
				CLANG_WARN_DEPRECATED_OBJC_IMPLEMENTATIONS = YES;
				CLANG_WARN_DIRECT_OBJC_ISA_USAGE = YES_ERROR;
				CLANG_WARN_DOCUMENTATION_COMMENTS = YES;
				CLANG_WARN_EMPTY_BODY = YES;
				CLANG_WARN_ENUM_CONVERSION = YES;
				CLANG_WARN_INFINITE_RECURSION = YES;
				CLANG_WARN_INT_CONVERSION = YES;
				CLANG_WARN_NON_LITERAL_NULL_CONVERSION = YES;
				CLANG_WARN_OBJC_IMPLICIT_RETAIN_SELF = YES;
				CLANG_WARN_OBJC_LITERAL_CONVERSION = YES;
				CLANG_WARN_OBJC_ROOT_CLASS = YES_ERROR;
				CLANG_WARN_QUOTED_INCLUDE_IN_FRAMEWORK_HEADER = YES;
				CLANG_WARN_RANGE_LOOP_ANALYSIS = YES;
				CLANG_WARN_STRICT_PROTOTYPES = YES;
				CLANG_WARN_SUSPICIOUS_MOVE = YES;
				CLANG_WARN_UNGUARDED_AVAILABILITY = YES_AGGRESSIVE;
				CLANG_WARN_UNREACHABLE_CODE = YES;
				CLANG_WARN__DUPLICATE_METHOD_MATCH = YES;
				COPY_PHASE_STRIP = NO;
				DEBUG_INFORMATION_FORMAT = dwarf;
				ENABLE_STRICT_OBJC_MSGSEND = YES;
				ENABLE_TESTABILITY = YES;
				ENABLE_USER_SCRIPT_SANDBOXING = YES;
				GCC_C_LANGUAGE_STANDARD = gnu17;
				GCC_DYNAMIC_NO_PIC = NO;
				GCC_NO_COMMON_BLOCKS = YES;
				GCC_OPTIMIZATION_LEVEL = 0;
				GCC_PREPROCESSOR_DEFINITIONS = (
					"DEBUG=1",
					"$(inherited)",
				);
				GCC_WARN_64_TO_32_BIT_CONVERSION = YES;
				GCC_WARN_ABOUT_RETURN_TYPE = YES_ERROR;
				GCC_WARN_UNDECLARED_SELECTOR = YES;
				GCC_WARN_UNINITIALIZED_AUTOS = YES_AGGRESSIVE;
				GCC_WARN_UNUSED_FUNCTION = YES;
				GCC_WARN_UNUSED_VARIABLE = YES;
				IPHONEOS_DEPLOYMENT_TARGET = 17.5;
				LOCALIZATION_PREFERS_STRING_CATALOGS = YES;
				MTL_ENABLE_DEBUG_INFO = INCLUDE_SOURCE;
				MTL_FAST_MATH = YES;
				ONLY_ACTIVE_ARCH = YES;
				SDKROOT = iphoneos;
				SWIFT_ACTIVE_COMPILATION_CONDITIONS = "DEBUG $(inherited)";
				SWIFT_OPTIMIZATION_LEVEL = "-Onone";
			};
			name = Debug;
		};
		6B16FFE02D08FA9F00F0B07F /* Release */ = {
			isa = XCBuildConfiguration;
			buildSettings = {
				ALWAYS_SEARCH_USER_PATHS = NO;
				ASSETCATALOG_COMPILER_GENERATE_SWIFT_ASSET_SYMBOL_EXTENSIONS = YES;
				CLANG_ANALYZER_NONNULL = YES;
				CLANG_ANALYZER_NUMBER_OBJECT_CONVERSION = YES_AGGRESSIVE;
				CLANG_CXX_LANGUAGE_STANDARD = "gnu++20";
				CLANG_ENABLE_MODULES = YES;
				CLANG_ENABLE_OBJC_ARC = YES;
				CLANG_ENABLE_OBJC_WEAK = YES;
				CLANG_WARN_BLOCK_CAPTURE_AUTORELEASING = YES;
				CLANG_WARN_BOOL_CONVERSION = YES;
				CLANG_WARN_COMMA = YES;
				CLANG_WARN_CONSTANT_CONVERSION = YES;
				CLANG_WARN_DEPRECATED_OBJC_IMPLEMENTATIONS = YES;
				CLANG_WARN_DIRECT_OBJC_ISA_USAGE = YES_ERROR;
				CLANG_WARN_DOCUMENTATION_COMMENTS = YES;
				CLANG_WARN_EMPTY_BODY = YES;
				CLANG_WARN_ENUM_CONVERSION = YES;
				CLANG_WARN_INFINITE_RECURSION = YES;
				CLANG_WARN_INT_CONVERSION = YES;
				CLANG_WARN_NON_LITERAL_NULL_CONVERSION = YES;
				CLANG_WARN_OBJC_IMPLICIT_RETAIN_SELF = YES;
				CLANG_WARN_OBJC_LITERAL_CONVERSION = YES;
				CLANG_WARN_OBJC_ROOT_CLASS = YES_ERROR;
				CLANG_WARN_QUOTED_INCLUDE_IN_FRAMEWORK_HEADER = YES;
				CLANG_WARN_RANGE_LOOP_ANALYSIS = YES;
				CLANG_WARN_STRICT_PROTOTYPES = YES;
				CLANG_WARN_SUSPICIOUS_MOVE = YES;
				CLANG_WARN_UNGUARDED_AVAILABILITY = YES_AGGRESSIVE;
				CLANG_WARN_UNREACHABLE_CODE = YES;
				CLANG_WARN__DUPLICATE_METHOD_MATCH = YES;
				COPY_PHASE_STRIP = NO;
				DEBUG_INFORMATION_FORMAT = "dwarf-with-dsym";
				ENABLE_NS_ASSERTIONS = NO;
				ENABLE_STRICT_OBJC_MSGSEND = YES;
				ENABLE_USER_SCRIPT_SANDBOXING = YES;
				GCC_C_LANGUAGE_STANDARD = gnu17;
				GCC_NO_COMMON_BLOCKS = YES;
				GCC_WARN_64_TO_32_BIT_CONVERSION = YES;
				GCC_WARN_ABOUT_RETURN_TYPE = YES_ERROR;
				GCC_WARN_UNDECLARED_SELECTOR = YES;
				GCC_WARN_UNINITIALIZED_AUTOS = YES_AGGRESSIVE;
				GCC_WARN_UNUSED_FUNCTION = YES;
				GCC_WARN_UNUSED_VARIABLE = YES;
				IPHONEOS_DEPLOYMENT_TARGET = 17.5;
				LOCALIZATION_PREFERS_STRING_CATALOGS = YES;
				MTL_ENABLE_DEBUG_INFO = NO;
				MTL_FAST_MATH = YES;
				SDKROOT = iphoneos;
				SWIFT_COMPILATION_MODE = wholemodule;
				VALIDATE_PRODUCT = YES;
			};
			name = Release;
		};
		6B16FFE22D08FA9F00F0B07F /* Debug */ = {
			isa = XCBuildConfiguration;
			buildSettings = {
				ASSETCATALOG_COMPILER_APPICON_NAME = AppIcon;
				ASSETCATALOG_COMPILER_GLOBAL_ACCENT_COLOR_NAME = AccentColor;
				CODE_SIGN_STYLE = Automatic;
				CURRENT_PROJECT_VERSION = 1;
				DEVELOPMENT_ASSET_PATHS = "\"fitnessApp/Preview Content\"";
				DEVELOPMENT_TEAM = 4AG6RABG4Q;
				ENABLE_PREVIEWS = YES;
				GENERATE_INFOPLIST_FILE = YES;
				INFOPLIST_KEY_UIApplicationSceneManifest_Generation = YES;
				INFOPLIST_KEY_UIApplicationSupportsIndirectInputEvents = YES;
				INFOPLIST_KEY_UILaunchScreen_Generation = YES;
				INFOPLIST_KEY_UISupportedInterfaceOrientations_iPad = "UIInterfaceOrientationPortrait UIInterfaceOrientationPortraitUpsideDown UIInterfaceOrientationLandscapeLeft UIInterfaceOrientationLandscapeRight";
				INFOPLIST_KEY_UISupportedInterfaceOrientations_iPhone = "UIInterfaceOrientationPortrait UIInterfaceOrientationLandscapeLeft UIInterfaceOrientationLandscapeRight";
				LD_RUNPATH_SEARCH_PATHS = (
					"$(inherited)",
					"@executable_path/Frameworks",
				);
				MARKETING_VERSION = 1.0;
				PRODUCT_BUNDLE_IDENTIFIER = com.fitnessApp.fitnessApp;
				PRODUCT_NAME = "$(TARGET_NAME)";
				SWIFT_EMIT_LOC_STRINGS = YES;
				SWIFT_VERSION = 5.0;
				TARGETED_DEVICE_FAMILY = "1,2";
			};
			name = Debug;
		};
		6B16FFE32D08FA9F00F0B07F /* Release */ = {
			isa = XCBuildConfiguration;
			buildSettings = {
				ASSETCATALOG_COMPILER_APPICON_NAME = AppIcon;
				ASSETCATALOG_COMPILER_GLOBAL_ACCENT_COLOR_NAME = AccentColor;
				CODE_SIGN_STYLE = Automatic;
				CURRENT_PROJECT_VERSION = 1;
				DEVELOPMENT_ASSET_PATHS = "\"fitnessApp/Preview Content\"";
				DEVELOPMENT_TEAM = 4AG6RABG4Q;
				ENABLE_PREVIEWS = YES;
				GENERATE_INFOPLIST_FILE = YES;
				INFOPLIST_KEY_UIApplicationSceneManifest_Generation = YES;
				INFOPLIST_KEY_UIApplicationSupportsIndirectInputEvents = YES;
				INFOPLIST_KEY_UILaunchScreen_Generation = YES;
				INFOPLIST_KEY_UISupportedInterfaceOrientations_iPad = "UIInterfaceOrientationPortrait UIInterfaceOrientationPortraitUpsideDown UIInterfaceOrientationLandscapeLeft UIInterfaceOrientationLandscapeRight";
				INFOPLIST_KEY_UISupportedInterfaceOrientations_iPhone = "UIInterfaceOrientationPortrait UIInterfaceOrientationLandscapeLeft UIInterfaceOrientationLandscapeRight";
				LD_RUNPATH_SEARCH_PATHS = (
					"$(inherited)",
					"@executable_path/Frameworks",
				);
				MARKETING_VERSION = 1.0;
				PRODUCT_BUNDLE_IDENTIFIER = com.fitnessApp.fitnessApp;
				PRODUCT_NAME = "$(TARGET_NAME)";
				SWIFT_EMIT_LOC_STRINGS = YES;
				SWIFT_VERSION = 5.0;
				TARGETED_DEVICE_FAMILY = "1,2";
			};
			name = Release;
		};
/* End XCBuildConfiguration section */

/* Begin XCConfigurationList section */
		6B16FFCE2D08FA9B00F0B07F /* Build configuration list for PBXProject "fitnessApp" */ = {
			isa = XCConfigurationList;
			buildConfigurations = (
				6B16FFDF2D08FA9F00F0B07F /* Debug */,
				6B16FFE02D08FA9F00F0B07F /* Release */,
			);
			defaultConfigurationIsVisible = 0;
			defaultConfigurationName = Release;
		};
		6B16FFE12D08FA9F00F0B07F /* Build configuration list for PBXNativeTarget "fitnessApp" */ = {
			isa = XCConfigurationList;
			buildConfigurations = (
				6B16FFE22D08FA9F00F0B07F /* Debug */,
				6B16FFE32D08FA9F00F0B07F /* Release */,
			);
			defaultConfigurationIsVisible = 0;
			defaultConfigurationName = Release;
		};
/* End XCConfigurationList section */
	};
	rootObject = 6B16FFCB2D08FA9B00F0B07F /* Project object */;
}
